
Microsoft Visual Studio Solution File, Format Version 12.00
# Visual Studio Version 17
VisualStudioVersion = 17.6.33829.357
MinimumVisualStudioVersion = 10.0.40219.1
Project("{FAE04EC0-301F-11D3-BF4B-00C04F79EFBC}") = "DataLoaderSon", "DataLoaderSon\DataLoaderSon.csproj", "{9AA46612-0C7C-460B-B289-161606CB8F74}"
EndProject
Global
	GlobalSection(SolutionConfigurationPlatforms) = preSolution
		Debug|Any CPU = Debug|Any CPU
		Release|Any CPU = Release|Any CPU
	EndGlobalSection
	GlobalSection(ProjectConfigurationPlatforms) = postSolution
		{9AA46612-0C7C-460B-B289-161606CB8F74}.Debug|Any CPU.ActiveCfg = Debug|Any CPU
		{9AA46612-0C7C-460B-B289-161606CB8F74}.Debug|Any CPU.Build.0 = Debug|Any CPU
		{9AA46612-0C7C-460B-B289-161606CB8F74}.Release|Any CPU.ActiveCfg = Release|Any CPU
		{9AA46612-0C7C-460B-B289-161606CB8F74}.Release|Any CPU.Build.0 = Release|Any CPU
	EndGlobalSection
	GlobalSection(SolutionProperties) = preSolution
		HideSolutionNode = FALSE
	EndGlobalSection
	GlobalSection(ExtensibilityGlobals) = postSolution
		SolutionGuid = {ABF72DDE-15D5-4C2F-823B-27E09D17E44E}
	EndGlobalSection
EndGlobal
